
Microsoft Visual Studio Solution File, Format Version 12.00
# Visual Studio Version 16
VisualStudioVersion = 16.0.30907.101
MinimumVisualStudioVersion = 10.0.40219.1
Project("{9A19103F-16F7-4668-BE54-9A1E7A4F7556}") = "planeja-odonto-api", "planeja-odonto-api\planeja-odonto-api.csproj", "{37D82FA1-2E2D-407C-8DAA-685954E963E1}"
EndProject
Project("{E53339B2-1760-4266-BCC7-CA923CBCF16C}") = "docker-compose", "docker-compose.dcproj", "{EF811B9A-5B00-4251-98E9-878E26F470DD}"
EndProject
Global
	GlobalSection(SolutionConfigurationPlatforms) = preSolution
		Debug|Any CPU = Debug|Any CPU
		Release|Any CPU = Release|Any CPU
	EndGlobalSection
	GlobalSection(ProjectConfigurationPlatforms) = postSolution
		{37D82FA1-2E2D-407C-8DAA-685954E963E1}.Debug|Any CPU.ActiveCfg = Debug|Any CPU
		{37D82FA1-2E2D-407C-8DAA-685954E963E1}.Debug|Any CPU.Build.0 = Debug|Any CPU
		{37D82FA1-2E2D-407C-8DAA-685954E963E1}.Release|Any CPU.ActiveCfg = Release|Any CPU
		{37D82FA1-2E2D-407C-8DAA-685954E963E1}.Release|Any CPU.Build.0 = Release|Any CPU
		{EF811B9A-5B00-4251-98E9-878E26F470DD}.Debug|Any CPU.ActiveCfg = Debug|Any CPU
		{EF811B9A-5B00-4251-98E9-878E26F470DD}.Debug|Any CPU.Build.0 = Debug|Any CPU
		{EF811B9A-5B00-4251-98E9-878E26F470DD}.Release|Any CPU.ActiveCfg = Release|Any CPU
		{EF811B9A-5B00-4251-98E9-878E26F470DD}.Release|Any CPU.Build.0 = Release|Any CPU
	EndGlobalSection
	GlobalSection(SolutionProperties) = preSolution
		HideSolutionNode = FALSE
	EndGlobalSection
	GlobalSection(ExtensibilityGlobals) = postSolution
		SolutionGuid = {5219B607-F2BA-4A57-899A-F089DDAE97EF}
	EndGlobalSection
EndGlobal
